// !$*UTF8*$!
{
	archiveVersion = 1;
	classes = {
	};
	objectVersion = 46;
	objects = {

/* Begin PBXBuildFile section */
		186035B91DE433180051F047 /* OCViewController.m in Sources */ = {isa = PBXBuildFile; fileRef = 186035B21DE433180051F047 /* OCViewController.m */; };
		186035BA1DE433180051F047 /* CYNavigationController.m in Sources */ = {isa = PBXBuildFile; fileRef = 186035B41DE433180051F047 /* CYNavigationController.m */; };
		186035BB1DE433180051F047 /* OCFilterController.m in Sources */ = {isa = PBXBuildFile; fileRef = 186035B61DE433180051F047 /* OCFilterController.m */; };
		186035BC1DE433180051F047 /* PresentAnimator.m in Sources */ = {isa = PBXBuildFile; fileRef = 186035B81DE433180051F047 /* PresentAnimator.m */; };
		186035BE1DE4332E0051F047 /* Main.storyboard in Resources */ = {isa = PBXBuildFile; fileRef = 186035BD1DE4332E0051F047 /* Main.storyboard */; };
		43AC98171DBDD5100093E0BF /* AppDelegate.swift in Sources */ = {isa = PBXBuildFile; fileRef = 43AC98161DBDD5100093E0BF /* AppDelegate.swift */; };
		43AC98191DBDD5110093E0BF /* ViewController.swift in Sources */ = {isa = PBXBuildFile; fileRef = 43AC98181DBDD5110093E0BF /* ViewController.swift */; };
		43AC981E1DBDD5110093E0BF /* Assets.xcassets in Resources */ = {isa = PBXBuildFile; fileRef = 43AC981D1DBDD5110093E0BF /* Assets.xcassets */; };
		43AC98211DBDD5110093E0BF /* LaunchScreen.storyboard in Resources */ = {isa = PBXBuildFile; fileRef = 43AC981F1DBDD5110093E0BF /* LaunchScreen.storyboard */; };
		43AC98291DBDD7B20093E0BF /* FilterController.swift in Sources */ = {isa = PBXBuildFile; fileRef = 43AC98281DBDD7B20093E0BF /* FilterController.swift */; };
		43AC982B1DBDDA5E0093E0BF /* FilterNavController.swift in Sources */ = {isa = PBXBuildFile; fileRef = 43AC982A1DBDDA5D0093E0BF /* FilterNavController.swift */; };
/* End PBXBuildFile section */

/* Begin PBXFileReference section */
		186035B01DE433170051F047 /* SideFilterControllerDemo-Bridging-Header.h */ = {isa = PBXFileReference; lastKnownFileType = sourcecode.c.h; path = "SideFilterControllerDemo-Bridging-Header.h"; sourceTree = "<group>"; };
		186035B11DE433180051F047 /* OCViewController.h */ = {isa = PBXFileReference; fileEncoding = 4; lastKnownFileType = sourcecode.c.h; path = OCViewController.h; sourceTree = "<group>"; };
		186035B21DE433180051F047 /* OCViewController.m */ = {isa = PBXFileReference; fileEncoding = 4; lastKnownFileType = sourcecode.c.objc; path = OCViewController.m; sourceTree = "<group>"; };
		186035B31DE433180051F047 /* CYNavigationController.h */ = {isa = PBXFileReference; fileEncoding = 4; lastKnownFileType = sourcecode.c.h; path = CYNavigationController.h; sourceTree = "<group>"; };
		186035B41DE433180051F047 /* CYNavigationController.m */ = {isa = PBXFileReference; fileEncoding = 4; lastKnownFileType = sourcecode.c.objc; path = CYNavigationController.m; sourceTree = "<group>"; };
		186035B51DE433180051F047 /* OCFilterController.h */ = {isa = PBXFileReference; fileEncoding = 4; lastKnownFileType = sourcecode.c.h; path = OCFilterController.h; sourceTree = "<group>"; };
		186035B61DE433180051F047 /* OCFilterController.m */ = {isa = PBXFileReference; fileEncoding = 4; lastKnownFileType = sourcecode.c.objc; path = OCFilterController.m; sourceTree = "<group>"; };
		186035B71DE433180051F047 /* PresentAnimator.h */ = {isa = PBXFileReference; fileEncoding = 4; lastKnownFileType = sourcecode.c.h; path = PresentAnimator.h; sourceTree = "<group>"; };
		186035B81DE433180051F047 /* PresentAnimator.m */ = {isa = PBXFileReference; fileEncoding = 4; lastKnownFileType = sourcecode.c.objc; path = PresentAnimator.m; sourceTree = "<group>"; };
		186035BD1DE4332E0051F047 /* Main.storyboard */ = {isa = PBXFileReference; fileEncoding = 4; lastKnownFileType = file.storyboard; path = Main.storyboard; sourceTree = "<group>"; };
		43AC98131DBDD5100093E0BF /* SideFilterControllerDemo.app */ = {isa = PBXFileReference; explicitFileType = wrapper.application; includeInIndex = 0; path = SideFilterControllerDemo.app; sourceTree = BUILT_PRODUCTS_DIR; };
		43AC98161DBDD5100093E0BF /* AppDelegate.swift */ = {isa = PBXFileReference; lastKnownFileType = sourcecode.swift; path = AppDelegate.swift; sourceTree = "<group>"; };
		43AC98181DBDD5110093E0BF /* ViewController.swift */ = {isa = PBXFileReference; lastKnownFileType = sourcecode.swift; path = ViewController.swift; sourceTree = "<group>"; };
		43AC981D1DBDD5110093E0BF /* Assets.xcassets */ = {isa = PBXFileReference; lastKnownFileType = folder.assetcatalog; path = Assets.xcassets; sourceTree = "<group>"; };
		43AC98201DBDD5110093E0BF /* Base */ = {isa = PBXFileReference; lastKnownFileType = file.storyboard; name = Base; path = Base.lproj/LaunchScreen.storyboard; sourceTree = "<group>"; };
		43AC98221DBDD5110093E0BF /* Info.plist */ = {isa = PBXFileReference; lastKnownFileType = text.plist.xml; path = Info.plist; sourceTree = "<group>"; };
		43AC98281DBDD7B20093E0BF /* FilterController.swift */ = {isa = PBXFileReference; fileEncoding = 4; lastKnownFileType = sourcecode.swift; path = FilterController.swift; sourceTree = "<group>"; };
		43AC982A1DBDDA5D0093E0BF /* FilterNavController.swift */ = {isa = PBXFileReference; fileEncoding = 4; lastKnownFileType = sourcecode.swift; path = FilterNavController.swift; sourceTree = "<group>"; };
/* End PBXFileReference section */

/* Begin PBXFrameworksBuildPhase section */
		43AC98101DBDD5100093E0BF /* Frameworks */ = {
			isa = PBXFrameworksBuildPhase;
			buildActionMask = 2147483647;
			files = (
			);
			runOnlyForDeploymentPostprocessing = 0;
		};
/* End PBXFrameworksBuildPhase section */

/* Begin PBXGroup section */
		186035BF1DE433570051F047 /* OCVersion */ = {
			isa = PBXGroup;
			children = (
				186035B11DE433180051F047 /* OCViewController.h */,
				186035B21DE433180051F047 /* OCViewController.m */,
				186035B31DE433180051F047 /* CYNavigationController.h */,
				186035B41DE433180051F047 /* CYNavigationController.m */,
				186035B51DE433180051F047 /* OCFilterController.h */,
				186035B61DE433180051F047 /* OCFilterController.m */,
				186035B71DE433180051F047 /* PresentAnimator.h */,
				186035B81DE433180051F047 /* PresentAnimator.m */,
			);
			name = OCVersion;
			sourceTree = "<group>";
		};
		43AC980A1DBDD5100093E0BF = {
			isa = PBXGroup;
			children = (
				43AC98151DBDD5100093E0BF /* SideFilterControllerDemo */,
				43AC98141DBDD5100093E0BF /* Products */,
			);
			sourceTree = "<group>";
		};
		43AC98141DBDD5100093E0BF /* Products */ = {
			isa = PBXGroup;
			children = (
				43AC98131DBDD5100093E0BF /* SideFilterControllerDemo.app */,
			);
			name = Products;
			sourceTree = "<group>";
		};
		43AC98151DBDD5100093E0BF /* SideFilterControllerDemo */ = {
			isa = PBXGroup;
			children = (
				186035BF1DE433570051F047 /* OCVersion */,
				43AC98161DBDD5100093E0BF /* AppDelegate.swift */,
				43AC98181DBDD5110093E0BF /* ViewController.swift */,
				43AC98281DBDD7B20093E0BF /* FilterController.swift */,
				43AC982A1DBDDA5D0093E0BF /* FilterNavController.swift */,
				186035BD1DE4332E0051F047 /* Main.storyboard */,
				43AC981D1DBDD5110093E0BF /* Assets.xcassets */,
				43AC981F1DBDD5110093E0BF /* LaunchScreen.storyboard */,
				43AC98221DBDD5110093E0BF /* Info.plist */,
				186035B01DE433170051F047 /* SideFilterControllerDemo-Bridging-Header.h */,
			);
			path = SideFilterControllerDemo;
			sourceTree = "<group>";
		};
/* End PBXGroup section */

/* Begin PBXNativeTarget section */
		43AC98121DBDD5100093E0BF /* SideFilterControllerDemo */ = {
			isa = PBXNativeTarget;
			buildConfigurationList = 43AC98251DBDD5110093E0BF /* Build configuration list for PBXNativeTarget "SideFilterControllerDemo" */;
			buildPhases = (
				43AC980F1DBDD5100093E0BF /* Sources */,
				43AC98101DBDD5100093E0BF /* Frameworks */,
				43AC98111DBDD5100093E0BF /* Resources */,
			);
			buildRules = (
			);
			dependencies = (
			);
			name = SideFilterControllerDemo;
			productName = SideFilterControllerDemo;
			productReference = 43AC98131DBDD5100093E0BF /* SideFilterControllerDemo.app */;
			productType = "com.apple.product-type.application";
		};
/* End PBXNativeTarget section */

/* Begin PBXProject section */
		43AC980B1DBDD5100093E0BF /* Project object */ = {
			isa = PBXProject;
			attributes = {
				LastSwiftUpdateCheck = 0800;
				LastUpgradeCheck = 0800;
				ORGANIZATIONNAME = cysu;
				TargetAttributes = {
					43AC98121DBDD5100093E0BF = {
						CreatedOnToolsVersion = 8.0;
						DevelopmentTeam = P8Z7H7NDLK;
						LastSwiftMigration = 0810;
						ProvisioningStyle = Automatic;
					};
				};
			};
			buildConfigurationList = 43AC980E1DBDD5100093E0BF /* Build configuration list for PBXProject "SideFilterControllerDemo" */;
			compatibilityVersion = "Xcode 3.2";
			developmentRegion = English;
			hasScannedForEncodings = 0;
			knownRegions = (
				en,
				Base,
			);
			mainGroup = 43AC980A1DBDD5100093E0BF;
			productRefGroup = 43AC98141DBDD5100093E0BF /* Products */;
			projectDirPath = "";
			projectRoot = "";
			targets = (
				43AC98121DBDD5100093E0BF /* SideFilterControllerDemo */,
			);
		};
/* End PBXProject section */

/* Begin PBXResourcesBuildPhase section */
		43AC98111DBDD5100093E0BF /* Resources */ = {
			isa = PBXResourcesBuildPhase;
			buildActionMask = 2147483647;
			files = (
				186035BE1DE4332E0051F047 /* Main.storyboard in Resources */,
				43AC98211DBDD5110093E0BF /* LaunchScreen.storyboard in Resources */,
				43AC981E1DBDD5110093E0BF /* Assets.xcassets in Resources */,
			);
			runOnlyForDeploymentPostprocessing = 0;
		};
/* End PBXResourcesBuildPhase section */

/* Begin PBXSourcesBuildPhase section */
		43AC980F1DBDD5100093E0BF /* Sources */ = {
			isa = PBXSourcesBuildPhase;
			buildActionMask = 2147483647;
			files = (
				186035BC1DE433180051F047 /* PresentAnimator.m in Sources */,
				43AC98291DBDD7B20093E0BF /* FilterController.swift in Sources */,
				186035B91DE433180051F047 /* OCViewController.m in Sources */,
				43AC98191DBDD5110093E0BF /* ViewController.swift in Sources */,
				43AC98171DBDD5100093E0BF /* AppDelegate.swift in Sources */,
				186035BB1DE433180051F047 /* OCFilterController.m in Sources */,
				43AC982B1DBDDA5E0093E0BF /* FilterNavController.swift in Sources */,
				186035BA1DE433180051F047 /* CYNavigationController.m in Sources */,
			);
			runOnlyForDeploymentPostprocessing = 0;
		};
/* End PBXSourcesBuildPhase section */

/* Begin PBXVariantGroup section */
		43AC981F1DBDD5110093E0BF /* LaunchScreen.storyboard */ = {
			isa = PBXVariantGroup;
			children = (
				43AC98201DBDD5110093E0BF /* Base */,
			);
			name = LaunchScreen.storyboard;
			sourceTree = "<group>";
		};
/* End PBXVariantGroup section */

/* Begin XCBuildConfiguration section */
		43AC98231DBDD5110093E0BF /* Debug */ = {
			isa = XCBuildConfiguration;
			buildSettings = {
				ALWAYS_SEARCH_USER_PATHS = NO;
				CLANG_ANALYZER_NONNULL = YES;
				CLANG_CXX_LANGUAGE_STANDARD = "gnu++0x";
				CLANG_CXX_LIBRARY = "libc++";
				CLANG_ENABLE_MODULES = YES;
				CLANG_ENABLE_OBJC_ARC = YES;
				CLANG_WARN_BOOL_CONVERSION = YES;
				CLANG_WARN_CONSTANT_CONVERSION = YES;
				CLANG_WARN_DIRECT_OBJC_ISA_USAGE = YES_ERROR;
				CLANG_WARN_DOCUMENTATION_COMMENTS = YES;
				CLANG_WARN_EMPTY_BODY = YES;
				CLANG_WARN_ENUM_CONVERSION = YES;
				CLANG_WARN_INFINITE_RECURSION = YES;
				CLANG_WARN_INT_CONVERSION = YES;
				CLANG_WARN_OBJC_ROOT_CLASS = YES_ERROR;
				CLANG_WARN_SUSPICIOUS_MOVES = YES;
				CLANG_WARN_UNREACHABLE_CODE = YES;
				CLANG_WARN__DUPLICATE_METHOD_MATCH = YES;
				"CODE_SIGN_IDENTITY[sdk=iphoneos*]" = "iPhone Developer";
				COPY_PHASE_STRIP = NO;
				DEBUG_INFORMATION_FORMAT = dwarf;
				ENABLE_STRICT_OBJC_MSGSEND = YES;
				ENABLE_TESTABILITY = YES;
				GCC_C_LANGUAGE_STANDARD = gnu99;
				GCC_DYNAMIC_NO_PIC = NO;
				GCC_NO_COMMON_BLOCKS = YES;
				GCC_OPTIMIZATION_LEVEL = 0;
				GCC_PREPROCESSOR_DEFINITIONS = (
					"DEBUG=1",
					"$(inherited)",
				);
				GCC_WARN_64_TO_32_BIT_CONVERSION = YES;
				GCC_WARN_ABOUT_RETURN_TYPE = YES_ERROR;
				GCC_WARN_UNDECLARED_SELECTOR = YES;
				GCC_WARN_UNINITIALIZED_AUTOS = YES_AGGRESSIVE;
				GCC_WARN_UNUSED_FUNCTION = YES;
				GCC_WARN_UNUSED_VARIABLE = YES;
				IPHONEOS_DEPLOYMENT_TARGET = 10.0;
				MTL_ENABLE_DEBUG_INFO = YES;
				ONLY_ACTIVE_ARCH = YES;
				SDKROOT = iphoneos;
				SWIFT_ACTIVE_COMPILATION_CONDITIONS = DEBUG;
				SWIFT_OPTIMIZATION_LEVEL = "-Onone";
				TARGETED_DEVICE_FAMILY = "1,2";
			};
			name = Debug;
		};
		43AC98241DBDD5110093E0BF /* Release */ = {
			isa = XCBuildConfiguration;
			buildSettings = {
				ALWAYS_SEARCH_USER_PATHS = NO;
				CLANG_ANALYZER_NONNULL = YES;
				CLANG_CXX_LANGUAGE_STANDARD = "gnu++0x";
				CLANG_CXX_LIBRARY = "libc++";
				CLANG_ENABLE_MODULES = YES;
				CLANG_ENABLE_OBJC_ARC = YES;
				CLANG_WARN_BOOL_CONVERSION = YES;
				CLANG_WARN_CONSTANT_CONVERSION = YES;
				CLANG_WARN_DIRECT_OBJC_ISA_USAGE = YES_ERROR;
				CLANG_WARN_DOCUMENTATION_COMMENTS = YES;
				CLANG_WARN_EMPTY_BODY = YES;
				CLANG_WARN_ENUM_CONVERSION = YES;
				CLANG_WARN_INFINITE_RECURSION = YES;
				CLANG_WARN_INT_CONVERSION = YES;
				CLANG_WARN_OBJC_ROOT_CLASS = YES_ERROR;
				CLANG_WARN_SUSPICIOUS_MOVES = YES;
				CLANG_WARN_UNREACHABLE_CODE = YES;
				CLANG_WARN__DUPLICATE_METHOD_MATCH = YES;
				"CODE_SIGN_IDENTITY[sdk=iphoneos*]" = "iPhone Developer";
				COPY_PHASE_STRIP = NO;
				DEBUG_INFORMATION_FORMAT = "dwarf-with-dsym";
				ENABLE_NS_ASSERTIONS = NO;
				ENABLE_STRICT_OBJC_MSGSEND = YES;
				GCC_C_LANGUAGE_STANDARD = gnu99;
				GCC_NO_COMMON_BLOCKS = YES;
				GCC_WARN_64_TO_32_BIT_CONVERSION = YES;
				GCC_WARN_ABOUT_RETURN_TYPE = YES_ERROR;
				GCC_WARN_UNDECLARED_SELECTOR = YES;
				GCC_WARN_UNINITIALIZED_AUTOS = YES_AGGRESSIVE;
				GCC_WARN_UNUSED_FUNCTION = YES;
				GCC_WARN_UNUSED_VARIABLE = YES;
				IPHONEOS_DEPLOYMENT_TARGET = 10.0;
				MTL_ENABLE_DEBUG_INFO = NO;
				SDKROOT = iphoneos;
				SWIFT_OPTIMIZATION_LEVEL = "-Owholemodule";
				TARGETED_DEVICE_FAMILY = "1,2";
				VALIDATE_PRODUCT = YES;
			};
			name = Release;
		};
		43AC98261DBDD5110093E0BF /* Debug */ = {
			isa = XCBuildConfiguration;
			buildSettings = {
				ASSETCATALOG_COMPILER_APPICON_NAME = AppIcon;
				CLANG_ENABLE_MODULES = YES;
				DEVELOPMENT_TEAM = P8Z7H7NDLK;
				INFOPLIST_FILE = SideFilterControllerDemo/Info.plist;
				LD_RUNPATH_SEARCH_PATHS = "$(inherited) @executable_path/Frameworks";
				PRODUCT_BUNDLE_IDENTIFIER = com.fdsa.SideFilterControllerDemo;
				PRODUCT_NAME = "$(TARGET_NAME)";
				SWIFT_OBJC_BRIDGING_HEADER = "SideFilterControllerDemo/SideFilterControllerDemo-Bridging-Header.h";
				SWIFT_OPTIMIZATION_LEVEL = "-Onone";
				SWIFT_VERSION = 3.0;
			};
			name = Debug;
		};
		43AC98271DBDD5110093E0BF /* Release */ = {
			isa = XCBuildConfiguration;
			buildSettings = {
				ASSETCATALOG_COMPILER_APPICON_NAME = AppIcon;
				CLANG_ENABLE_MODULES = YES;
				DEVELOPMENT_TEAM = P8Z7H7NDLK;
				INFOPLIST_FILE = SideFilterControllerDemo/Info.plist;
				LD_RUNPATH_SEARCH_PATHS = "$(inherited) @executable_path/Frameworks";
				PRODUCT_BUNDLE_IDENTIFIER = com.fdsa.SideFilterControllerDemo;
				PRODUCT_NAME = "$(TARGET_NAME)";
				SWIFT_OBJC_BRIDGING_HEADER = "SideFilterControllerDemo/SideFilterControllerDemo-Bridging-Header.h";
				SWIFT_VERSION = 3.0;
			};
			name = Release;
		};
/* End XCBuildConfiguration section */

/* Begin XCConfigurationList section */
		43AC980E1DBDD5100093E0BF /* Build configuration list for PBXProject "SideFilterControllerDemo" */ = {
			isa = XCConfigurationList;
			buildConfigurations = (
				43AC98231DBDD5110093E0BF /* Debug */,
				43AC98241DBDD5110093E0BF /* Release */,
			);
			defaultConfigurationIsVisible = 0;
			defaultConfigurationName = Release;
		};
		43AC98251DBDD5110093E0BF /* Build configuration list for PBXNativeTarget "SideFilterControllerDemo" */ = {
			isa = XCConfigurationList;
			buildConfigurations = (
				43AC98261DBDD5110093E0BF /* Debug */,
				43AC98271DBDD5110093E0BF /* Release */,
			);
			defaultConfigurationIsVisible = 0;
			defaultConfigurationName = Release;
		};
/* End XCConfigurationList section */
	};
	rootObject = 43AC980B1DBDD5100093E0BF /* Project object */;
}
